
Microsoft Visual Studio Solution File, Format Version 12.00
# Visual Studio 15
VisualStudioVersion = 15.0.28307.329
MinimumVisualStudioVersion = 10.0.40219.1
Project("{FAE04EC0-301F-11D3-BF4B-00C04F79EFBC}") = "FundooApi", "FundooApi\FundooApi.csproj", "{AE24F4FF-70E0-42EB-B497-007CB527557F}"
EndProject
Project("{FAE04EC0-301F-11D3-BF4B-00C04F79EFBC}") = "FundooBusiness", "FundooBusiness\FundooBusiness.csproj", "{983E82B0-F0EC-4CF9-8873-70C9B4E2FC23}"
EndProject
Project("{FAE04EC0-301F-11D3-BF4B-00C04F79EFBC}") = "FundooRepository", "FundooRepository\FundooRepository.csproj", "{D6DFF129-4689-4CB7-B372-A6E6715276E4}"
EndProject
Project("{FAE04EC0-301F-11D3-BF4B-00C04F79EFBC}") = "Common", "Common\Common.csproj", "{443BACC6-3615-44AD-9A13-AF09D3B1F50C}"
EndProject
Global
	GlobalSection(SolutionConfigurationPlatforms) = preSolution
		Debug|Any CPU = Debug|Any CPU
		Release|Any CPU = Release|Any CPU
	EndGlobalSection
	GlobalSection(ProjectConfigurationPlatforms) = postSolution
		{AE24F4FF-70E0-42EB-B497-007CB527557F}.Debug|Any CPU.ActiveCfg = Debug|Any CPU
		{AE24F4FF-70E0-42EB-B497-007CB527557F}.Debug|Any CPU.Build.0 = Debug|Any CPU
		{AE24F4FF-70E0-42EB-B497-007CB527557F}.Release|Any CPU.ActiveCfg = Release|Any CPU
		{AE24F4FF-70E0-42EB-B497-007CB527557F}.Release|Any CPU.Build.0 = Release|Any CPU
		{983E82B0-F0EC-4CF9-8873-70C9B4E2FC23}.Debug|Any CPU.ActiveCfg = Debug|Any CPU
		{983E82B0-F0EC-4CF9-8873-70C9B4E2FC23}.Debug|Any CPU.Build.0 = Debug|Any CPU
		{983E82B0-F0EC-4CF9-8873-70C9B4E2FC23}.Release|Any CPU.ActiveCfg = Release|Any CPU
		{983E82B0-F0EC-4CF9-8873-70C9B4E2FC23}.Release|Any CPU.Build.0 = Release|Any CPU
		{D6DFF129-4689-4CB7-B372-A6E6715276E4}.Debug|Any CPU.ActiveCfg = Debug|Any CPU
		{D6DFF129-4689-4CB7-B372-A6E6715276E4}.Debug|Any CPU.Build.0 = Debug|Any CPU
		{D6DFF129-4689-4CB7-B372-A6E6715276E4}.Release|Any CPU.ActiveCfg = Release|Any CPU
		{D6DFF129-4689-4CB7-B372-A6E6715276E4}.Release|Any CPU.Build.0 = Release|Any CPU
		{443BACC6-3615-44AD-9A13-AF09D3B1F50C}.Debug|Any CPU.ActiveCfg = Debug|Any CPU
		{443BACC6-3615-44AD-9A13-AF09D3B1F50C}.Debug|Any CPU.Build.0 = Debug|Any CPU
		{443BACC6-3615-44AD-9A13-AF09D3B1F50C}.Release|Any CPU.ActiveCfg = Release|Any CPU
		{443BACC6-3615-44AD-9A13-AF09D3B1F50C}.Release|Any CPU.Build.0 = Release|Any CPU
	EndGlobalSection
	GlobalSection(SolutionProperties) = preSolution
		HideSolutionNode = FALSE
	EndGlobalSection
	GlobalSection(ExtensibilityGlobals) = postSolution
		SolutionGuid = {C78CE94D-969E-43E0-AB78-7F0CC181E290}
	EndGlobalSection
EndGlobal
